
Microsoft Visual Studio Solution File, Format Version 12.00
# Visual Studio Version 16
VisualStudioVersion = 16.0.29905.134
MinimumVisualStudioVersion = 15.0.26124.0
Project("{9A19103F-16F7-4668-BE54-9A1E7A4F7556}") = "ATM.MQ.Core", "ATM.MQ.Core\ATM.MQ.Core.csproj", "{BAE2277D-838D-46C6-AC83-4459C07C6F35}"
EndProject
Project("{9A19103F-16F7-4668-BE54-9A1E7A4F7556}") = "ATM.MQ.Tests", "ATM.MQ.Tests\ATM.MQ.Tests.csproj", "{00B1C608-446C-4F78-AEB5-49F97B44DA80}"
EndProject
Project("{2150E333-8FDC-42A3-9474-1A3956D46DE8}") = "Domain", "Domain", "{BD82B750-58A5-11EA-AF8B-A71AA903BA43}"
EndProject
Project("{2150E333-8FDC-42A3-9474-1A3956D46DE8}") = "Infrastructure", "Infrastructure", "{A3AD4B00-58A6-11EA-AF8B-A71AA903BA43}"
EndProject
Project("{9A19103F-16F7-4668-BE54-9A1E7A4F7556}") = "ATM.MQ.Application", "ATM.MQ.Application\ATM.MQ.Application.csproj", "{4D45DA82-E93A-45C1-B86C-2573C9573172}"
EndProject
Project("{9A19103F-16F7-4668-BE54-9A1E7A4F7556}") = "ATM.MQ.Repositories", "ATM.MQ.Repositories\ATM.MQ.Repositories.csproj", "{EC77BEB5-3F6B-4BEC-9322-4A1447FE49FB}"
EndProject
Project("{9A19103F-16F7-4668-BE54-9A1E7A4F7556}") = "ATM.MQ.RabbitMQ", "ATM.MQ.RabbitMQ\ATM.MQ.RabbitMQ.csproj", "{D55BD242-C1E9-4BE4-8729-CFD2810B95C4}"
EndProject
Project("{9A19103F-16F7-4668-BE54-9A1E7A4F7556}") = "ATM.MQ.Extensions", "ATM.MQ.Extensions\ATM.MQ.Extensions.csproj", "{58A0B66F-9984-4FAF-A317-7C01E21AD243}"
EndProject
Project("{2150E333-8FDC-42A3-9474-1A3956D46DE8}") = "Tests", "Tests", "{774D9F40-6BE5-11EA-8CFD-E7CADFF8D066}"
EndProject
Project("{2150E333-8FDC-42A3-9474-1A3956D46DE8}") = "Apps", "Apps", "{712C72D0-6EF6-11EA-93F3-2930ACC98745}"
EndProject
Project("{9A19103F-16F7-4668-BE54-9A1E7A4F7556}") = "ATM.MQ.Backend", "ATM.MQ.Backend\ATM.MQ.Backend.csproj", "{66F5FF9D-612B-4D41-AAF4-D7C8901D319D}"
EndProject
Project("{9A19103F-16F7-4668-BE54-9A1E7A4F7556}") = "ATM.MQ.Terminal", "ATM.MQ.Terminal\ATM.MQ.Terminal.csproj", "{AC0261EA-B3F5-4DD4-A8B9-92E330F4008A}"
EndProject
Global
	GlobalSection(SolutionConfigurationPlatforms) = preSolution
		Debug|Any CPU = Debug|Any CPU
		Debug|x64 = Debug|x64
		Debug|x86 = Debug|x86
		Release|Any CPU = Release|Any CPU
		Release|x64 = Release|x64
		Release|x86 = Release|x86
	EndGlobalSection
	GlobalSection(ProjectConfigurationPlatforms) = postSolution
		{BAE2277D-838D-46C6-AC83-4459C07C6F35}.Debug|Any CPU.ActiveCfg = Debug|Any CPU
		{BAE2277D-838D-46C6-AC83-4459C07C6F35}.Debug|Any CPU.Build.0 = Debug|Any CPU
		{BAE2277D-838D-46C6-AC83-4459C07C6F35}.Debug|x64.ActiveCfg = Debug|Any CPU
		{BAE2277D-838D-46C6-AC83-4459C07C6F35}.Debug|x64.Build.0 = Debug|Any CPU
		{BAE2277D-838D-46C6-AC83-4459C07C6F35}.Debug|x86.ActiveCfg = Debug|Any CPU
		{BAE2277D-838D-46C6-AC83-4459C07C6F35}.Debug|x86.Build.0 = Debug|Any CPU
		{BAE2277D-838D-46C6-AC83-4459C07C6F35}.Release|Any CPU.ActiveCfg = Release|Any CPU
		{BAE2277D-838D-46C6-AC83-4459C07C6F35}.Release|Any CPU.Build.0 = Release|Any CPU
		{BAE2277D-838D-46C6-AC83-4459C07C6F35}.Release|x64.ActiveCfg = Release|Any CPU
		{BAE2277D-838D-46C6-AC83-4459C07C6F35}.Release|x64.Build.0 = Release|Any CPU
		{BAE2277D-838D-46C6-AC83-4459C07C6F35}.Release|x86.ActiveCfg = Release|Any CPU
		{BAE2277D-838D-46C6-AC83-4459C07C6F35}.Release|x86.Build.0 = Release|Any CPU
		{00B1C608-446C-4F78-AEB5-49F97B44DA80}.Debug|Any CPU.ActiveCfg = Debug|Any CPU
		{00B1C608-446C-4F78-AEB5-49F97B44DA80}.Debug|Any CPU.Build.0 = Debug|Any CPU
		{00B1C608-446C-4F78-AEB5-49F97B44DA80}.Debug|x64.ActiveCfg = Debug|Any CPU
		{00B1C608-446C-4F78-AEB5-49F97B44DA80}.Debug|x64.Build.0 = Debug|Any CPU
		{00B1C608-446C-4F78-AEB5-49F97B44DA80}.Debug|x86.ActiveCfg = Debug|Any CPU
		{00B1C608-446C-4F78-AEB5-49F97B44DA80}.Debug|x86.Build.0 = Debug|Any CPU
		{00B1C608-446C-4F78-AEB5-49F97B44DA80}.Release|Any CPU.ActiveCfg = Release|Any CPU
		{00B1C608-446C-4F78-AEB5-49F97B44DA80}.Release|Any CPU.Build.0 = Release|Any CPU
		{00B1C608-446C-4F78-AEB5-49F97B44DA80}.Release|x64.ActiveCfg = Release|Any CPU
		{00B1C608-446C-4F78-AEB5-49F97B44DA80}.Release|x64.Build.0 = Release|Any CPU
		{00B1C608-446C-4F78-AEB5-49F97B44DA80}.Release|x86.ActiveCfg = Release|Any CPU
		{00B1C608-446C-4F78-AEB5-49F97B44DA80}.Release|x86.Build.0 = Release|Any CPU
		{4D45DA82-E93A-45C1-B86C-2573C9573172}.Debug|Any CPU.ActiveCfg = Debug|Any CPU
		{4D45DA82-E93A-45C1-B86C-2573C9573172}.Debug|Any CPU.Build.0 = Debug|Any CPU
		{4D45DA82-E93A-45C1-B86C-2573C9573172}.Debug|x64.ActiveCfg = Debug|Any CPU
		{4D45DA82-E93A-45C1-B86C-2573C9573172}.Debug|x64.Build.0 = Debug|Any CPU
		{4D45DA82-E93A-45C1-B86C-2573C9573172}.Debug|x86.ActiveCfg = Debug|Any CPU
		{4D45DA82-E93A-45C1-B86C-2573C9573172}.Debug|x86.Build.0 = Debug|Any CPU
		{4D45DA82-E93A-45C1-B86C-2573C9573172}.Release|Any CPU.ActiveCfg = Release|Any CPU
		{4D45DA82-E93A-45C1-B86C-2573C9573172}.Release|Any CPU.Build.0 = Release|Any CPU
		{4D45DA82-E93A-45C1-B86C-2573C9573172}.Release|x64.ActiveCfg = Release|Any CPU
		{4D45DA82-E93A-45C1-B86C-2573C9573172}.Release|x64.Build.0 = Release|Any CPU
		{4D45DA82-E93A-45C1-B86C-2573C9573172}.Release|x86.ActiveCfg = Release|Any CPU
		{4D45DA82-E93A-45C1-B86C-2573C9573172}.Release|x86.Build.0 = Release|Any CPU
		{EC77BEB5-3F6B-4BEC-9322-4A1447FE49FB}.Debug|Any CPU.ActiveCfg = Debug|Any CPU
		{EC77BEB5-3F6B-4BEC-9322-4A1447FE49FB}.Debug|Any CPU.Build.0 = Debug|Any CPU
		{EC77BEB5-3F6B-4BEC-9322-4A1447FE49FB}.Debug|x64.ActiveCfg = Debug|Any CPU
		{EC77BEB5-3F6B-4BEC-9322-4A1447FE49FB}.Debug|x64.Build.0 = Debug|Any CPU
		{EC77BEB5-3F6B-4BEC-9322-4A1447FE49FB}.Debug|x86.ActiveCfg = Debug|Any CPU
		{EC77BEB5-3F6B-4BEC-9322-4A1447FE49FB}.Debug|x86.Build.0 = Debug|Any CPU
		{EC77BEB5-3F6B-4BEC-9322-4A1447FE49FB}.Release|Any CPU.ActiveCfg = Release|Any CPU
		{EC77BEB5-3F6B-4BEC-9322-4A1447FE49FB}.Release|Any CPU.Build.0 = Release|Any CPU
		{EC77BEB5-3F6B-4BEC-9322-4A1447FE49FB}.Release|x64.ActiveCfg = Release|Any CPU
		{EC77BEB5-3F6B-4BEC-9322-4A1447FE49FB}.Release|x64.Build.0 = Release|Any CPU
		{EC77BEB5-3F6B-4BEC-9322-4A1447FE49FB}.Release|x86.ActiveCfg = Release|Any CPU
		{EC77BEB5-3F6B-4BEC-9322-4A1447FE49FB}.Release|x86.Build.0 = Release|Any CPU
		{D55BD242-C1E9-4BE4-8729-CFD2810B95C4}.Debug|Any CPU.ActiveCfg = Debug|Any CPU
		{D55BD242-C1E9-4BE4-8729-CFD2810B95C4}.Debug|Any CPU.Build.0 = Debug|Any CPU
		{D55BD242-C1E9-4BE4-8729-CFD2810B95C4}.Debug|x64.ActiveCfg = Debug|Any CPU
		{D55BD242-C1E9-4BE4-8729-CFD2810B95C4}.Debug|x64.Build.0 = Debug|Any CPU
		{D55BD242-C1E9-4BE4-8729-CFD2810B95C4}.Debug|x86.ActiveCfg = Debug|Any CPU
		{D55BD242-C1E9-4BE4-8729-CFD2810B95C4}.Debug|x86.Build.0 = Debug|Any CPU
		{D55BD242-C1E9-4BE4-8729-CFD2810B95C4}.Release|Any CPU.ActiveCfg = Release|Any CPU
		{D55BD242-C1E9-4BE4-8729-CFD2810B95C4}.Release|Any CPU.Build.0 = Release|Any CPU
		{D55BD242-C1E9-4BE4-8729-CFD2810B95C4}.Release|x64.ActiveCfg = Release|Any CPU
		{D55BD242-C1E9-4BE4-8729-CFD2810B95C4}.Release|x64.Build.0 = Release|Any CPU
		{D55BD242-C1E9-4BE4-8729-CFD2810B95C4}.Release|x86.ActiveCfg = Release|Any CPU
		{D55BD242-C1E9-4BE4-8729-CFD2810B95C4}.Release|x86.Build.0 = Release|Any CPU
		{58A0B66F-9984-4FAF-A317-7C01E21AD243}.Debug|Any CPU.ActiveCfg = Debug|Any CPU
		{58A0B66F-9984-4FAF-A317-7C01E21AD243}.Debug|Any CPU.Build.0 = Debug|Any CPU
		{58A0B66F-9984-4FAF-A317-7C01E21AD243}.Debug|x64.ActiveCfg = Debug|Any CPU
		{58A0B66F-9984-4FAF-A317-7C01E21AD243}.Debug|x64.Build.0 = Debug|Any CPU
		{58A0B66F-9984-4FAF-A317-7C01E21AD243}.Debug|x86.ActiveCfg = Debug|Any CPU
		{58A0B66F-9984-4FAF-A317-7C01E21AD243}.Debug|x86.Build.0 = Debug|Any CPU
		{58A0B66F-9984-4FAF-A317-7C01E21AD243}.Release|Any CPU.ActiveCfg = Release|Any CPU
		{58A0B66F-9984-4FAF-A317-7C01E21AD243}.Release|Any CPU.Build.0 = Release|Any CPU
		{58A0B66F-9984-4FAF-A317-7C01E21AD243}.Release|x64.ActiveCfg = Release|Any CPU
		{58A0B66F-9984-4FAF-A317-7C01E21AD243}.Release|x64.Build.0 = Release|Any CPU
		{58A0B66F-9984-4FAF-A317-7C01E21AD243}.Release|x86.ActiveCfg = Release|Any CPU
		{58A0B66F-9984-4FAF-A317-7C01E21AD243}.Release|x86.Build.0 = Release|Any CPU
		{66F5FF9D-612B-4D41-AAF4-D7C8901D319D}.Debug|Any CPU.ActiveCfg = Debug|Any CPU
		{66F5FF9D-612B-4D41-AAF4-D7C8901D319D}.Debug|Any CPU.Build.0 = Debug|Any CPU
		{66F5FF9D-612B-4D41-AAF4-D7C8901D319D}.Debug|x64.ActiveCfg = Debug|Any CPU
		{66F5FF9D-612B-4D41-AAF4-D7C8901D319D}.Debug|x64.Build.0 = Debug|Any CPU
		{66F5FF9D-612B-4D41-AAF4-D7C8901D319D}.Debug|x86.ActiveCfg = Debug|Any CPU
		{66F5FF9D-612B-4D41-AAF4-D7C8901D319D}.Debug|x86.Build.0 = Debug|Any CPU
		{66F5FF9D-612B-4D41-AAF4-D7C8901D319D}.Release|Any CPU.ActiveCfg = Release|Any CPU
		{66F5FF9D-612B-4D41-AAF4-D7C8901D319D}.Release|Any CPU.Build.0 = Release|Any CPU
		{66F5FF9D-612B-4D41-AAF4-D7C8901D319D}.Release|x64.ActiveCfg = Release|Any CPU
		{66F5FF9D-612B-4D41-AAF4-D7C8901D319D}.Release|x64.Build.0 = Release|Any CPU
		{66F5FF9D-612B-4D41-AAF4-D7C8901D319D}.Release|x86.ActiveCfg = Release|Any CPU
		{66F5FF9D-612B-4D41-AAF4-D7C8901D319D}.Release|x86.Build.0 = Release|Any CPU
		{AC0261EA-B3F5-4DD4-A8B9-92E330F4008A}.Debug|Any CPU.ActiveCfg = Debug|Any CPU
		{AC0261EA-B3F5-4DD4-A8B9-92E330F4008A}.Debug|Any CPU.Build.0 = Debug|Any CPU
		{AC0261EA-B3F5-4DD4-A8B9-92E330F4008A}.Debug|x64.ActiveCfg = Debug|Any CPU
		{AC0261EA-B3F5-4DD4-A8B9-92E330F4008A}.Debug|x64.Build.0 = Debug|Any CPU
		{AC0261EA-B3F5-4DD4-A8B9-92E330F4008A}.Debug|x86.ActiveCfg = Debug|Any CPU
		{AC0261EA-B3F5-4DD4-A8B9-92E330F4008A}.Debug|x86.Build.0 = Debug|Any CPU
		{AC0261EA-B3F5-4DD4-A8B9-92E330F4008A}.Release|Any CPU.ActiveCfg = Release|Any CPU
		{AC0261EA-B3F5-4DD4-A8B9-92E330F4008A}.Release|Any CPU.Build.0 = Release|Any CPU
		{AC0261EA-B3F5-4DD4-A8B9-92E330F4008A}.Release|x64.ActiveCfg = Release|Any CPU
		{AC0261EA-B3F5-4DD4-A8B9-92E330F4008A}.Release|x64.Build.0 = Release|Any CPU
		{AC0261EA-B3F5-4DD4-A8B9-92E330F4008A}.Release|x86.ActiveCfg = Release|Any CPU
		{AC0261EA-B3F5-4DD4-A8B9-92E330F4008A}.Release|x86.Build.0 = Release|Any CPU
	EndGlobalSection
	GlobalSection(SolutionProperties) = preSolution
		HideSolutionNode = FALSE
	EndGlobalSection
	GlobalSection(NestedProjects) = preSolution
		{BAE2277D-838D-46C6-AC83-4459C07C6F35} = {BD82B750-58A5-11EA-AF8B-A71AA903BA43}
		{00B1C608-446C-4F78-AEB5-49F97B44DA80} = {774D9F40-6BE5-11EA-8CFD-E7CADFF8D066}
		{4D45DA82-E93A-45C1-B86C-2573C9573172} = {BD82B750-58A5-11EA-AF8B-A71AA903BA43}
		{EC77BEB5-3F6B-4BEC-9322-4A1447FE49FB} = {A3AD4B00-58A6-11EA-AF8B-A71AA903BA43}
		{D55BD242-C1E9-4BE4-8729-CFD2810B95C4} = {A3AD4B00-58A6-11EA-AF8B-A71AA903BA43}
		{58A0B66F-9984-4FAF-A317-7C01E21AD243} = {A3AD4B00-58A6-11EA-AF8B-A71AA903BA43}
		{66F5FF9D-612B-4D41-AAF4-D7C8901D319D} = {712C72D0-6EF6-11EA-93F3-2930ACC98745}
		{AC0261EA-B3F5-4DD4-A8B9-92E330F4008A} = {712C72D0-6EF6-11EA-93F3-2930ACC98745}
	EndGlobalSection
	GlobalSection(ExtensibilityGlobals) = postSolution
		SolutionGuid = {49EE1166-9587-4B4A-A4CC-36DA228D5CD6}
	EndGlobalSection
EndGlobal
